
Microsoft Visual Studio Solution File, Format Version 12.00
# Visual Studio Version 17
VisualStudioVersion = 17.6.33815.320
MinimumVisualStudioVersion = 10.0.40219.1
Project("{FAE04EC0-301F-11D3-BF4B-00C04F79EFBC}") = "Assignment10", "Assignment10\Assignment10.csproj", "{010DAC95-A953-4994-951C-C815DFC81552}"
EndProject
Global
	GlobalSection(SolutionConfigurationPlatforms) = preSolution
		Debug|Any CPU = Debug|Any CPU
		Release|Any CPU = Release|Any CPU
	EndGlobalSection
	GlobalSection(ProjectConfigurationPlatforms) = postSolution
		{010DAC95-A953-4994-951C-C815DFC81552}.Debug|Any CPU.ActiveCfg = Debug|Any CPU
		{010DAC95-A953-4994-951C-C815DFC81552}.Debug|Any CPU.Build.0 = Debug|Any CPU
		{010DAC95-A953-4994-951C-C815DFC81552}.Release|Any CPU.ActiveCfg = Release|Any CPU
		{010DAC95-A953-4994-951C-C815DFC81552}.Release|Any CPU.Build.0 = Release|Any CPU
	EndGlobalSection
	GlobalSection(SolutionProperties) = preSolution
		HideSolutionNode = FALSE
	EndGlobalSection
	GlobalSection(ExtensibilityGlobals) = postSolution
		SolutionGuid = {D5CFEFBC-A867-45FF-AD57-62E8E3F83EAB}
	EndGlobalSection
EndGlobal
